
Microsoft Visual Studio Solution File, Format Version 12.00
# Visual Studio Version 17
VisualStudioVersion = 17.13.35931.197 d17.13
MinimumVisualStudioVersion = 10.0.40219.1
Project("{FAE04EC0-301F-11D3-BF4B-00C04F79EFBC}") = "SimulacionP", "SimulacionP\SimulacionP.csproj", "{548D1121-76E3-48AA-BDE8-99C1B480CEEC}"
EndProject
Global
	GlobalSection(SolutionConfigurationPlatforms) = preSolution
		Debug|Any CPU = Debug|Any CPU
		Release|Any CPU = Release|Any CPU
	EndGlobalSection
	GlobalSection(ProjectConfigurationPlatforms) = postSolution
		{548D1121-76E3-48AA-BDE8-99C1B480CEEC}.Debug|Any CPU.ActiveCfg = Debug|Any CPU
		{548D1121-76E3-48AA-BDE8-99C1B480CEEC}.Debug|Any CPU.Build.0 = Debug|Any CPU
		{548D1121-76E3-48AA-BDE8-99C1B480CEEC}.Release|Any CPU.ActiveCfg = Release|Any CPU
		{548D1121-76E3-48AA-BDE8-99C1B480CEEC}.Release|Any CPU.Build.0 = Release|Any CPU
	EndGlobalSection
	GlobalSection(SolutionProperties) = preSolution
		HideSolutionNode = FALSE
	EndGlobalSection
	GlobalSection(ExtensibilityGlobals) = postSolution
		SolutionGuid = {4764BB8E-A9CF-40FD-8CC8-8F965CDA6382}
	EndGlobalSection
EndGlobal
